
Microsoft Visual Studio Solution File, Format Version 12.00
# Visual Studio 15
VisualStudioVersion = 15.0.27428.2037
MinimumVisualStudioVersion = 10.0.40219.1
Project("{FAE04EC0-301F-11D3-BF4B-00C04F79EFBC}") = "PizzaLev", "PizzaLev\PizzaLev.csproj", "{2A9D51DC-7C76-4293-8103-270226763046}"
EndProject
Project("{FAE04EC0-301F-11D3-BF4B-00C04F79EFBC}") = "PizzaDomain", "PizzaDomain\PizzaDomain.csproj", "{CA479022-14C9-42DD-AFB8-5640DD3897A1}"
EndProject
Global
	GlobalSection(SolutionConfigurationPlatforms) = preSolution
		Debug|Any CPU = Debug|Any CPU
		Release|Any CPU = Release|Any CPU
	EndGlobalSection
	GlobalSection(ProjectConfigurationPlatforms) = postSolution
		{2A9D51DC-7C76-4293-8103-270226763046}.Debug|Any CPU.ActiveCfg = Debug|Any CPU
		{2A9D51DC-7C76-4293-8103-270226763046}.Debug|Any CPU.Build.0 = Debug|Any CPU
		{2A9D51DC-7C76-4293-8103-270226763046}.Release|Any CPU.ActiveCfg = Release|Any CPU
		{2A9D51DC-7C76-4293-8103-270226763046}.Release|Any CPU.Build.0 = Release|Any CPU
		{CA479022-14C9-42DD-AFB8-5640DD3897A1}.Debug|Any CPU.ActiveCfg = Debug|Any CPU
		{CA479022-14C9-42DD-AFB8-5640DD3897A1}.Debug|Any CPU.Build.0 = Debug|Any CPU
		{CA479022-14C9-42DD-AFB8-5640DD3897A1}.Release|Any CPU.ActiveCfg = Release|Any CPU
		{CA479022-14C9-42DD-AFB8-5640DD3897A1}.Release|Any CPU.Build.0 = Release|Any CPU
	EndGlobalSection
	GlobalSection(SolutionProperties) = preSolution
		HideSolutionNode = FALSE
	EndGlobalSection
	GlobalSection(ExtensibilityGlobals) = postSolution
		SolutionGuid = {37B0FC58-771A-40AA-94C2-A2BC6A17E277}
	EndGlobalSection
EndGlobal
